
Microsoft Visual Studio Solution File, Format Version 12.00
# Visual Studio Version 16
VisualStudioVersion = 16.0.31019.194
MinimumVisualStudioVersion = 10.0.40219.1
Project("{9A19103F-16F7-4668-BE54-9A1E7A4F7556}") = "SteamCMD", "SteamCMD\SteamCMD.csproj", "{FCA5E880-0C31-4BF7-BF55-46BFC1755782}"
EndProject
Project("{2150E333-8FDC-42A3-9474-1A3956D46DE8}") = "Solution Items", "Solution Items", "{31861681-8C2E-404C-9D4E-B23BDDE6C31C}"
	ProjectSection(SolutionItems) = preProject
		.editorconfig = .editorconfig
		.github\workflows\dotnet.yml = .github\workflows\dotnet.yml
	EndProjectSection
EndProject
Project("{9A19103F-16F7-4668-BE54-9A1E7A4F7556}") = "SteamCMD.Test", "SteamCMD.Test\SteamCMD.Test.csproj", "{F3886574-F21D-44E4-96FF-21F667238DF5}"
EndProject
Global
	GlobalSection(SolutionConfigurationPlatforms) = preSolution
		Debug|Any CPU = Debug|Any CPU
		Release|Any CPU = Release|Any CPU
	EndGlobalSection
	GlobalSection(ProjectConfigurationPlatforms) = postSolution
		{FCA5E880-0C31-4BF7-BF55-46BFC1755782}.Debug|Any CPU.ActiveCfg = Debug|Any CPU
		{FCA5E880-0C31-4BF7-BF55-46BFC1755782}.Debug|Any CPU.Build.0 = Debug|Any CPU
		{FCA5E880-0C31-4BF7-BF55-46BFC1755782}.Release|Any CPU.ActiveCfg = Release|Any CPU
		{FCA5E880-0C31-4BF7-BF55-46BFC1755782}.Release|Any CPU.Build.0 = Release|Any CPU
		{F3886574-F21D-44E4-96FF-21F667238DF5}.Debug|Any CPU.ActiveCfg = Debug|Any CPU
		{F3886574-F21D-44E4-96FF-21F667238DF5}.Debug|Any CPU.Build.0 = Debug|Any CPU
		{F3886574-F21D-44E4-96FF-21F667238DF5}.Release|Any CPU.ActiveCfg = Release|Any CPU
		{F3886574-F21D-44E4-96FF-21F667238DF5}.Release|Any CPU.Build.0 = Release|Any CPU
	EndGlobalSection
	GlobalSection(SolutionProperties) = preSolution
		HideSolutionNode = FALSE
	EndGlobalSection
	GlobalSection(ExtensibilityGlobals) = postSolution
		SolutionGuid = {95CA79DD-79A5-46D2-AFE1-27A1463CB77E}
	EndGlobalSection
EndGlobal
